
Microsoft Visual Studio Solution File, Format Version 12.00
# Visual Studio Version 16
VisualStudioVersion = 16.0.31624.102
MinimumVisualStudioVersion = 10.0.40219.1
Project("{FAE04EC0-301F-11D3-BF4B-00C04F79EFBC}") = "ParallelBatchProcessor", "ParallelBatchProcessor.csproj", "{51585632-D42A-4712-ABA2-1049876BD1E5}"
EndProject
Global
	GlobalSection(SolutionConfigurationPlatforms) = preSolution
		Debug|Any CPU = Debug|Any CPU
		Release|Any CPU = Release|Any CPU
	EndGlobalSection
	GlobalSection(ProjectConfigurationPlatforms) = postSolution
		{51585632-D42A-4712-ABA2-1049876BD1E5}.Debug|Any CPU.ActiveCfg = Debug|Any CPU
		{51585632-D42A-4712-ABA2-1049876BD1E5}.Debug|Any CPU.Build.0 = Debug|Any CPU
		{51585632-D42A-4712-ABA2-1049876BD1E5}.Release|Any CPU.ActiveCfg = Release|Any CPU
		{51585632-D42A-4712-ABA2-1049876BD1E5}.Release|Any CPU.Build.0 = Release|Any CPU
	EndGlobalSection
	GlobalSection(SolutionProperties) = preSolution
		HideSolutionNode = FALSE
	EndGlobalSection
	GlobalSection(ExtensibilityGlobals) = postSolution
		SolutionGuid = {EB4F6014-683E-439F-8A8E-013BA53FC69F}
	EndGlobalSection
EndGlobal
