
Microsoft Visual Studio Solution File, Format Version 12.00
# Visual Studio Version 17
VisualStudioVersion = 17.6.33829.357
MinimumVisualStudioVersion = 10.0.40219.1
Project("{9A19103F-16F7-4668-BE54-9A1E7A4F7556}") = "ParallelBatchProcessor", "ParallelBatchProcessor.csproj", "{77D7F64E-73B0-43DC-B3E2-9F25F463AFA1}"
EndProject
Global
	GlobalSection(SolutionConfigurationPlatforms) = preSolution
		Debug|Any CPU = Debug|Any CPU
		Release|Any CPU = Release|Any CPU
	EndGlobalSection
	GlobalSection(ProjectConfigurationPlatforms) = postSolution
		{77D7F64E-73B0-43DC-B3E2-9F25F463AFA1}.Debug|Any CPU.ActiveCfg = Debug|Any CPU
		{77D7F64E-73B0-43DC-B3E2-9F25F463AFA1}.Debug|Any CPU.Build.0 = Debug|Any CPU
		{77D7F64E-73B0-43DC-B3E2-9F25F463AFA1}.Release|Any CPU.ActiveCfg = Release|Any CPU
		{77D7F64E-73B0-43DC-B3E2-9F25F463AFA1}.Release|Any CPU.Build.0 = Release|Any CPU
	EndGlobalSection
	GlobalSection(SolutionProperties) = preSolution
		HideSolutionNode = FALSE
	EndGlobalSection
	GlobalSection(ExtensibilityGlobals) = postSolution
		SolutionGuid = {46154701-CE93-4DDD-B805-7AD41E189C9E}
	EndGlobalSection
EndGlobal
